
Microsoft Visual Studio Solution File, Format Version 12.00
# Visual Studio Version 17
VisualStudioVersion = 17.14.36109.1 d17.14
MinimumVisualStudioVersion = 10.0.40219.1
Project("{FAE04EC0-301F-11D3-BF4B-00C04F79EFBC}") = "Into the star", "Into the star\Into the star.csproj", "{707DFD15-E0AB-4B3F-B845-BCA27482DF9A}"
EndProject
Global
	GlobalSection(SolutionConfigurationPlatforms) = preSolution
		Debug|Any CPU = Debug|Any CPU
		Release|Any CPU = Release|Any CPU
	EndGlobalSection
	GlobalSection(ProjectConfigurationPlatforms) = postSolution
		{707DFD15-E0AB-4B3F-B845-BCA27482DF9A}.Debug|Any CPU.ActiveCfg = Debug|Any CPU
		{707DFD15-E0AB-4B3F-B845-BCA27482DF9A}.Debug|Any CPU.Build.0 = Debug|Any CPU
		{707DFD15-E0AB-4B3F-B845-BCA27482DF9A}.Release|Any CPU.ActiveCfg = Release|Any CPU
		{707DFD15-E0AB-4B3F-B845-BCA27482DF9A}.Release|Any CPU.Build.0 = Release|Any CPU
	EndGlobalSection
	GlobalSection(SolutionProperties) = preSolution
		HideSolutionNode = FALSE
	EndGlobalSection
	GlobalSection(ExtensibilityGlobals) = postSolution
		SolutionGuid = {F3E74E0A-DF24-4F44-BA06-2981D76445F1}
	EndGlobalSection
EndGlobal
